
Microsoft Visual Studio Solution File, Format Version 12.00
# Visual Studio 15
VisualStudioVersion = 15.0.28307.106
MinimumVisualStudioVersion = 10.0.40219.1
Project("{9A19103F-16F7-4668-BE54-9A1E7A4F7556}") = "IdeGames.Web", "Web\IdeGames.Web\IdeGames.Web.csproj", "{003202A2-4738-4456-BF55-32BF52B5FD28}"
EndProject
Project("{2150E333-8FDC-42A3-9474-1A3956D46DE8}") = "Web", "Web", "{52838ECA-3D70-4095-90B8-86D20E9B9432}"
EndProject
Project("{2150E333-8FDC-42A3-9474-1A3956D46DE8}") = "Data", "Data", "{2D03BD43-AF3E-4FDC-AE3D-D41859295371}"
EndProject
Project("{9A19103F-16F7-4668-BE54-9A1E7A4F7556}") = "IdeGames.Data", "Data\IdeGames.Data\IdeGames.Data.csproj", "{B7B56ABE-BADB-4805-9AE7-FBC401745FA3}"
EndProject
Project("{9A19103F-16F7-4668-BE54-9A1E7A4F7556}") = "IdeGames.Data.Models", "Data\IdeGames.Data.Models\IdeGames.Data.Models.csproj", "{CA91AF3A-5BC6-4EFE-9C3E-B35D3063F578}"
EndProject
Project("{9A19103F-16F7-4668-BE54-9A1E7A4F7556}") = "IdeGames.Data.Common", "Data\IdeGames.Data.Common\IdeGames.Data.Common.csproj", "{3EA1E537-B724-4007-909A-FA59ED45F0FB}"
EndProject
Project("{2150E333-8FDC-42A3-9474-1A3956D46DE8}") = "Services", "Services", "{45A38272-5499-47F1-B51C-309CA07C57B3}"
EndProject
Project("{9A19103F-16F7-4668-BE54-9A1E7A4F7556}") = "IdeGames.Services", "Services\IdeGames.Services\IdeGames.Services.csproj", "{F160977D-ABE3-4594-9AA4-5BBA6EB2304C}"
EndProject
Project("{9A19103F-16F7-4668-BE54-9A1E7A4F7556}") = "IdeGames.Services.Models", "Services\IdeGames.Services.Models\IdeGames.Services.Models.csproj", "{6B3C4417-5F90-4C87-B86E-3F75C13C69A0}"
EndProject
Global
	GlobalSection(SolutionConfigurationPlatforms) = preSolution
		Debug|Any CPU = Debug|Any CPU
		Release|Any CPU = Release|Any CPU
	EndGlobalSection
	GlobalSection(ProjectConfigurationPlatforms) = postSolution
		{003202A2-4738-4456-BF55-32BF52B5FD28}.Debug|Any CPU.ActiveCfg = Debug|Any CPU
		{003202A2-4738-4456-BF55-32BF52B5FD28}.Debug|Any CPU.Build.0 = Debug|Any CPU
		{003202A2-4738-4456-BF55-32BF52B5FD28}.Release|Any CPU.ActiveCfg = Release|Any CPU
		{003202A2-4738-4456-BF55-32BF52B5FD28}.Release|Any CPU.Build.0 = Release|Any CPU
		{B7B56ABE-BADB-4805-9AE7-FBC401745FA3}.Debug|Any CPU.ActiveCfg = Debug|Any CPU
		{B7B56ABE-BADB-4805-9AE7-FBC401745FA3}.Debug|Any CPU.Build.0 = Debug|Any CPU
		{B7B56ABE-BADB-4805-9AE7-FBC401745FA3}.Release|Any CPU.ActiveCfg = Release|Any CPU
		{B7B56ABE-BADB-4805-9AE7-FBC401745FA3}.Release|Any CPU.Build.0 = Release|Any CPU
		{CA91AF3A-5BC6-4EFE-9C3E-B35D3063F578}.Debug|Any CPU.ActiveCfg = Debug|Any CPU
		{CA91AF3A-5BC6-4EFE-9C3E-B35D3063F578}.Debug|Any CPU.Build.0 = Debug|Any CPU
		{CA91AF3A-5BC6-4EFE-9C3E-B35D3063F578}.Release|Any CPU.ActiveCfg = Release|Any CPU
		{CA91AF3A-5BC6-4EFE-9C3E-B35D3063F578}.Release|Any CPU.Build.0 = Release|Any CPU
		{3EA1E537-B724-4007-909A-FA59ED45F0FB}.Debug|Any CPU.ActiveCfg = Debug|Any CPU
		{3EA1E537-B724-4007-909A-FA59ED45F0FB}.Debug|Any CPU.Build.0 = Debug|Any CPU
		{3EA1E537-B724-4007-909A-FA59ED45F0FB}.Release|Any CPU.ActiveCfg = Release|Any CPU
		{3EA1E537-B724-4007-909A-FA59ED45F0FB}.Release|Any CPU.Build.0 = Release|Any CPU
		{F160977D-ABE3-4594-9AA4-5BBA6EB2304C}.Debug|Any CPU.ActiveCfg = Debug|Any CPU
		{F160977D-ABE3-4594-9AA4-5BBA6EB2304C}.Debug|Any CPU.Build.0 = Debug|Any CPU
		{F160977D-ABE3-4594-9AA4-5BBA6EB2304C}.Release|Any CPU.ActiveCfg = Release|Any CPU
		{F160977D-ABE3-4594-9AA4-5BBA6EB2304C}.Release|Any CPU.Build.0 = Release|Any CPU
		{6B3C4417-5F90-4C87-B86E-3F75C13C69A0}.Debug|Any CPU.ActiveCfg = Debug|Any CPU
		{6B3C4417-5F90-4C87-B86E-3F75C13C69A0}.Debug|Any CPU.Build.0 = Debug|Any CPU
		{6B3C4417-5F90-4C87-B86E-3F75C13C69A0}.Release|Any CPU.ActiveCfg = Release|Any CPU
		{6B3C4417-5F90-4C87-B86E-3F75C13C69A0}.Release|Any CPU.Build.0 = Release|Any CPU
	EndGlobalSection
	GlobalSection(SolutionProperties) = preSolution
		HideSolutionNode = FALSE
	EndGlobalSection
	GlobalSection(NestedProjects) = preSolution
		{003202A2-4738-4456-BF55-32BF52B5FD28} = {52838ECA-3D70-4095-90B8-86D20E9B9432}
		{B7B56ABE-BADB-4805-9AE7-FBC401745FA3} = {2D03BD43-AF3E-4FDC-AE3D-D41859295371}
		{CA91AF3A-5BC6-4EFE-9C3E-B35D3063F578} = {2D03BD43-AF3E-4FDC-AE3D-D41859295371}
		{3EA1E537-B724-4007-909A-FA59ED45F0FB} = {2D03BD43-AF3E-4FDC-AE3D-D41859295371}
		{F160977D-ABE3-4594-9AA4-5BBA6EB2304C} = {45A38272-5499-47F1-B51C-309CA07C57B3}
		{6B3C4417-5F90-4C87-B86E-3F75C13C69A0} = {45A38272-5499-47F1-B51C-309CA07C57B3}
	EndGlobalSection
	GlobalSection(ExtensibilityGlobals) = postSolution
		SolutionGuid = {96020B6B-9870-40A4-8996-E605A45396E1}
	EndGlobalSection
EndGlobal
