
Microsoft Visual Studio Solution File, Format Version 12.00
# Visual Studio 15
VisualStudioVersion = 15.0.28307.106
MinimumVisualStudioVersion = 10.0.40219.1
Project("{FAE04EC0-301F-11D3-BF4B-00C04F79EFBC}") = "IdeGames.Web", "Web\IdeGames.Web\IdeGames.Web.csproj", "{003202A2-4738-4456-BF55-32BF52B5FD28}"
EndProject
Project("{2150E333-8FDC-42A3-9474-1A3956D46DE8}") = "Web", "Web", "{52838ECA-3D70-4095-90B8-86D20E9B9432}"
EndProject
Global
	GlobalSection(SolutionConfigurationPlatforms) = preSolution
		Debug|Any CPU = Debug|Any CPU
		Release|Any CPU = Release|Any CPU
	EndGlobalSection
	GlobalSection(ProjectConfigurationPlatforms) = postSolution
		{003202A2-4738-4456-BF55-32BF52B5FD28}.Debug|Any CPU.ActiveCfg = Debug|Any CPU
		{003202A2-4738-4456-BF55-32BF52B5FD28}.Debug|Any CPU.Build.0 = Debug|Any CPU
		{003202A2-4738-4456-BF55-32BF52B5FD28}.Release|Any CPU.ActiveCfg = Release|Any CPU
		{003202A2-4738-4456-BF55-32BF52B5FD28}.Release|Any CPU.Build.0 = Release|Any CPU
	EndGlobalSection
	GlobalSection(SolutionProperties) = preSolution
		HideSolutionNode = FALSE
	EndGlobalSection
	GlobalSection(NestedProjects) = preSolution
		{003202A2-4738-4456-BF55-32BF52B5FD28} = {52838ECA-3D70-4095-90B8-86D20E9B9432}
	EndGlobalSection
	GlobalSection(ExtensibilityGlobals) = postSolution
		SolutionGuid = {96020B6B-9870-40A4-8996-E605A45396E1}
	EndGlobalSection
EndGlobal
